
Microsoft Visual Studio Solution File, Format Version 12.00
# Visual Studio Version 16
VisualStudioVersion = 16.0.31019.35
MinimumVisualStudioVersion = 10.0.40219.1
Project("{FAE04EC0-301F-11D3-BF4B-00C04F79EFBC}") = "CentuDY", "CentuDY\CentuDY.csproj", "{C748FD37-F352-4671-8453-66C7A1EA3149}"
EndProject
Project("{2150E333-8FDC-42A3-9474-1A3956D46DE8}") = "Solution Items", "Solution Items", "{9AC21650-3032-437F-8F0D-C8E3E1F7757A}"
	ProjectSection(SolutionItems) = preProject
		.editorconfig = .editorconfig
	EndProjectSection
EndProject
Global
	GlobalSection(SolutionConfigurationPlatforms) = preSolution
		Debug|Any CPU = Debug|Any CPU
		Release|Any CPU = Release|Any CPU
	EndGlobalSection
	GlobalSection(ProjectConfigurationPlatforms) = postSolution
		{C748FD37-F352-4671-8453-66C7A1EA3149}.Debug|Any CPU.ActiveCfg = Debug|Any CPU
		{C748FD37-F352-4671-8453-66C7A1EA3149}.Debug|Any CPU.Build.0 = Debug|Any CPU
		{C748FD37-F352-4671-8453-66C7A1EA3149}.Release|Any CPU.ActiveCfg = Release|Any CPU
		{C748FD37-F352-4671-8453-66C7A1EA3149}.Release|Any CPU.Build.0 = Release|Any CPU
	EndGlobalSection
	GlobalSection(SolutionProperties) = preSolution
		HideSolutionNode = FALSE
	EndGlobalSection
	GlobalSection(ExtensibilityGlobals) = postSolution
		SolutionGuid = {90D11623-9C30-4688-8D63-31A4062A1C7E}
	EndGlobalSection
EndGlobal
